
Microsoft Visual Studio Solution File, Format Version 12.00
# Visual Studio Version 17
VisualStudioVersion = 17.2.32505.173
MinimumVisualStudioVersion = 10.0.40219.1
Project("{FAE04EC0-301F-11D3-BF4B-00C04F79EFBC}") = "pizzaOrder-Project", "pizzaOrder-Project\pizzaOrder-Project.csproj", "{3C57C833-9E82-4E9B-8169-4234C8463ADC}"
EndProject
Global
	GlobalSection(SolutionConfigurationPlatforms) = preSolution
		Debug|Any CPU = Debug|Any CPU
		Release|Any CPU = Release|Any CPU
	EndGlobalSection
	GlobalSection(ProjectConfigurationPlatforms) = postSolution
		{3C57C833-9E82-4E9B-8169-4234C8463ADC}.Debug|Any CPU.ActiveCfg = Debug|Any CPU
		{3C57C833-9E82-4E9B-8169-4234C8463ADC}.Debug|Any CPU.Build.0 = Debug|Any CPU
		{3C57C833-9E82-4E9B-8169-4234C8463ADC}.Release|Any CPU.ActiveCfg = Release|Any CPU
		{3C57C833-9E82-4E9B-8169-4234C8463ADC}.Release|Any CPU.Build.0 = Release|Any CPU
	EndGlobalSection
	GlobalSection(SolutionProperties) = preSolution
		HideSolutionNode = FALSE
	EndGlobalSection
	GlobalSection(ExtensibilityGlobals) = postSolution
		SolutionGuid = {E6F3FC8A-E8AA-4EBD-83F7-9D81B697A210}
	EndGlobalSection
EndGlobal
